
Microsoft Visual Studio Solution File, Format Version 12.00
# Visual Studio Version 17
VisualStudioVersion = 17.13.35818.85 d17.13
MinimumVisualStudioVersion = 10.0.40219.1
Project("{FAE04EC0-301F-11D3-BF4B-00C04F79EFBC}") = "Exercise01", "Homework04\Exercise01.csproj", "{E5CD9A47-7DA5-41B7-8B8A-04C847B69574}"
EndProject
Project("{FAE04EC0-301F-11D3-BF4B-00C04F79EFBC}") = "OfficialHomework", "OfficialHomework\OfficialHomework.csproj", "{AA90ED67-955D-4ADB-A02A-30501A805ECC}"
EndProject
Global
	GlobalSection(SolutionConfigurationPlatforms) = preSolution
		Debug|Any CPU = Debug|Any CPU
		Release|Any CPU = Release|Any CPU
	EndGlobalSection
	GlobalSection(ProjectConfigurationPlatforms) = postSolution
		{E5CD9A47-7DA5-41B7-8B8A-04C847B69574}.Debug|Any CPU.ActiveCfg = Debug|Any CPU
		{E5CD9A47-7DA5-41B7-8B8A-04C847B69574}.Debug|Any CPU.Build.0 = Debug|Any CPU
		{E5CD9A47-7DA5-41B7-8B8A-04C847B69574}.Release|Any CPU.ActiveCfg = Release|Any CPU
		{E5CD9A47-7DA5-41B7-8B8A-04C847B69574}.Release|Any CPU.Build.0 = Release|Any CPU
		{AA90ED67-955D-4ADB-A02A-30501A805ECC}.Debug|Any CPU.ActiveCfg = Debug|Any CPU
		{AA90ED67-955D-4ADB-A02A-30501A805ECC}.Debug|Any CPU.Build.0 = Debug|Any CPU
		{AA90ED67-955D-4ADB-A02A-30501A805ECC}.Release|Any CPU.ActiveCfg = Release|Any CPU
		{AA90ED67-955D-4ADB-A02A-30501A805ECC}.Release|Any CPU.Build.0 = Release|Any CPU
	EndGlobalSection
	GlobalSection(SolutionProperties) = preSolution
		HideSolutionNode = FALSE
	EndGlobalSection
	GlobalSection(ExtensibilityGlobals) = postSolution
		SolutionGuid = {6F6C68A1-29FF-4BDF-BD84-0F67F9099EA5}
	EndGlobalSection
EndGlobal
