
Microsoft Visual Studio Solution File, Format Version 12.00
# Visual Studio Version 17
VisualStudioVersion = 17.13.35818.85 d17.13
MinimumVisualStudioVersion = 10.0.40219.1
Project("{FAE04EC0-301F-11D3-BF4B-00C04F79EFBC}") = "Homeowk02", "Homeowk02\Homeowk02.csproj", "{AC2A6CD3-DF2B-4885-8C4F-11037A433AF0}"
EndProject
Global
	GlobalSection(SolutionConfigurationPlatforms) = preSolution
		Debug|Any CPU = Debug|Any CPU
		Release|Any CPU = Release|Any CPU
	EndGlobalSection
	GlobalSection(ProjectConfigurationPlatforms) = postSolution
		{AC2A6CD3-DF2B-4885-8C4F-11037A433AF0}.Debug|Any CPU.ActiveCfg = Debug|Any CPU
		{AC2A6CD3-DF2B-4885-8C4F-11037A433AF0}.Debug|Any CPU.Build.0 = Debug|Any CPU
		{AC2A6CD3-DF2B-4885-8C4F-11037A433AF0}.Release|Any CPU.ActiveCfg = Release|Any CPU
		{AC2A6CD3-DF2B-4885-8C4F-11037A433AF0}.Release|Any CPU.Build.0 = Release|Any CPU
	EndGlobalSection
	GlobalSection(SolutionProperties) = preSolution
		HideSolutionNode = FALSE
	EndGlobalSection
	GlobalSection(ExtensibilityGlobals) = postSolution
		SolutionGuid = {22E800CD-5A5A-4FE5-9276-57291849B67E}
	EndGlobalSection
EndGlobal
